
Microsoft Visual Studio Solution File, Format Version 12.00
# Visual Studio Version 17
VisualStudioVersion = 17.4.33403.182
MinimumVisualStudioVersion = 10.0.40219.1
Project("{FAE04EC0-301F-11D3-BF4B-00C04F79EFBC}") = "Proyecto_Progra1", "Proyecto_Progra1\Proyecto_Progra1.csproj", "{F047013A-0E1F-48A5-A8C5-D477030AE6EC}"
EndProject
Global
	GlobalSection(SolutionConfigurationPlatforms) = preSolution
		Debug|Any CPU = Debug|Any CPU
		Release|Any CPU = Release|Any CPU
	EndGlobalSection
	GlobalSection(ProjectConfigurationPlatforms) = postSolution
		{F047013A-0E1F-48A5-A8C5-D477030AE6EC}.Debug|Any CPU.ActiveCfg = Debug|Any CPU
		{F047013A-0E1F-48A5-A8C5-D477030AE6EC}.Debug|Any CPU.Build.0 = Debug|Any CPU
		{F047013A-0E1F-48A5-A8C5-D477030AE6EC}.Release|Any CPU.ActiveCfg = Release|Any CPU
		{F047013A-0E1F-48A5-A8C5-D477030AE6EC}.Release|Any CPU.Build.0 = Release|Any CPU
	EndGlobalSection
	GlobalSection(SolutionProperties) = preSolution
		HideSolutionNode = FALSE
	EndGlobalSection
	GlobalSection(ExtensibilityGlobals) = postSolution
		SolutionGuid = {3E853AEF-BE3A-45AB-90F4-57AAE9EB198D}
	EndGlobalSection
EndGlobal
